{
  "requires": true,
  "lockfileVersion": 1,
  "dependencies": {
    "jalaali-js": {
      "version": "1.1.5",
      "resolved": "https://registry.npmjs.org/jalaali-js/-/jalaali-js-1.1.5.tgz",
      "integrity": "sha512-eS+zDRtz2JcGnVPWeng53rzlKU8tX2RWbJ1cqu1+eZHPEh1QL5ydB+pXD4RCf/zE3eKDN2bLQEjY0u/WIewMVQ=="
    },
    "react-icons": {
      "version": "4.2.0",
      "resolved": "https://registry.npmjs.org/react-icons/-/react-icons-4.2.0.tgz",
      "integrity": "sha512-rmzEDFt+AVXRzD7zDE21gcxyBizD/3NqjbX6cmViAgdqfJ2UiLer8927/QhhrXQV7dEj/1EGuOTPp7JnLYVJKQ=="
    },
    "react-modern-calendar-datepicker": {
      "version": "3.1.6",
      "resolved": "https://registry.npmjs.org/react-modern-calendar-datepicker/-/react-modern-calendar-datepicker-3.1.6.tgz",
      "integrity": "sha512-lnMqEMj9Wn32/sm119tjCl5lOkq4u9vJE7wggi7hdXV4s8rPdKlH56FVVehlBi0dfYeWQVZ9npY384Zprjn4WA==",
      "requires": {
        "jalaali-js": "^1.1.0"
      }
    }
  }
}
